// !$*UTF8*$!
{
	archiveVersion = 1;
	classes = {
	};
	objectVersion = 56;
	objects = {

/* Begin PBXBuildFile section */
		E9CB27F52CC511A700F827C6 /* CameraVC.swift in Sources */ = {isa = PBXBuildFile; fileRef = E9CB27F42CC511A700F827C6 /* CameraVC.swift */; };
		E9F574832CC3D55400200AA2 /* AppDelegate.swift in Sources */ = {isa = PBXBuildFile; fileRef = E9F574822CC3D55400200AA2 /* AppDelegate.swift */; };
		E9F574852CC3D55400200AA2 /* SceneDelegate.swift in Sources */ = {isa = PBXBuildFile; fileRef = E9F574842CC3D55400200AA2 /* SceneDelegate.swift */; };
		E9F574872CC3D55400200AA2 /* ListVC.swift in Sources */ = {isa = PBXBuildFile; fileRef = E9F574862CC3D55400200AA2 /* ListVC.swift */; };
		E9F5748C2CC3D55700200AA2 /* Assets.xcassets in Resources */ = {isa = PBXBuildFile; fileRef = E9F5748B2CC3D55700200AA2 /* Assets.xcassets */; };
		E9F5748F2CC3D55700200AA2 /* Base in Resources */ = {isa = PBXBuildFile; fileRef = E9F5748E2CC3D55700200AA2 /* Base */; };
		E9F574972CC3D6D200200AA2 /* ItemCell.swift in Sources */ = {isa = PBXBuildFile; fileRef = E9F574962CC3D6D200200AA2 /* ItemCell.swift */; };
		E9F574992CC3D89600200AA2 /* ItemImageView.swift in Sources */ = {isa = PBXBuildFile; fileRef = E9F574982CC3D89600200AA2 /* ItemImageView.swift */; };
		E9F5749F2CC3DC7C00200AA2 /* DataError.swift in Sources */ = {isa = PBXBuildFile; fileRef = E9F5749A2CC3DC7C00200AA2 /* DataError.swift */; };
		E9F574A02CC3DC7C00200AA2 /* PagePhotoTypeDtoOut.swift in Sources */ = {isa = PBXBuildFile; fileRef = E9F5749B2CC3DC7C00200AA2 /* PagePhotoTypeDtoOut.swift */; };
		E9F574A12CC3DC7C00200AA2 /* PhotoDtoOut.swift in Sources */ = {isa = PBXBuildFile; fileRef = E9F5749C2CC3DC7C00200AA2 /* PhotoDtoOut.swift */; };
		E9F574A22CC3DC7C00200AA2 /* PhotoTypeDtoOut.swift in Sources */ = {isa = PBXBuildFile; fileRef = E9F5749D2CC3DC7C00200AA2 /* PhotoTypeDtoOut.swift */; };
		E9F574A62CC3DC8300200AA2 /* NetworkManager.swift in Sources */ = {isa = PBXBuildFile; fileRef = E9F574A32CC3DC8300200AA2 /* NetworkManager.swift */; };
		E9F574A72CC3DC8300200AA2 /* NetworkManagerProtocol.swift in Sources */ = {isa = PBXBuildFile; fileRef = E9F574A42CC3DC8300200AA2 /* NetworkManagerProtocol.swift */; };
		E9F574A92CC3E95300200AA2 /* ItemTitleLabel.swift in Sources */ = {isa = PBXBuildFile; fileRef = E9F574A82CC3E95300200AA2 /* ItemTitleLabel.swift */; };
		E9F574AB2CC3F6C200200AA2 /* UIHelper.swift in Sources */ = {isa = PBXBuildFile; fileRef = E9F574AA2CC3F6C200200AA2 /* UIHelper.swift */; };
		E9F574B42CC4284100200AA2 /* Photo.swift in Sources */ = {isa = PBXBuildFile; fileRef = E9F574B32CC4284100200AA2 /* Photo.swift */; };
/* End PBXBuildFile section */

/* Begin PBXFileReference section */
		E9CB27F42CC511A700F827C6 /* CameraVC.swift */ = {isa = PBXFileReference; lastKnownFileType = sourcecode.swift; path = CameraVC.swift; sourceTree = "<group>"; };
		E9F5747F2CC3D55400200AA2 /* ListApp.app */ = {isa = PBXFileReference; explicitFileType = wrapper.application; includeInIndex = 0; path = ListApp.app; sourceTree = BUILT_PRODUCTS_DIR; };
		E9F574822CC3D55400200AA2 /* AppDelegate.swift */ = {isa = PBXFileReference; lastKnownFileType = sourcecode.swift; path = AppDelegate.swift; sourceTree = "<group>"; };
		E9F574842CC3D55400200AA2 /* SceneDelegate.swift */ = {isa = PBXFileReference; lastKnownFileType = sourcecode.swift; path = SceneDelegate.swift; sourceTree = "<group>"; };
		E9F574862CC3D55400200AA2 /* ListVC.swift */ = {isa = PBXFileReference; lastKnownFileType = sourcecode.swift; path = ListVC.swift; sourceTree = "<group>"; };
		E9F5748B2CC3D55700200AA2 /* Assets.xcassets */ = {isa = PBXFileReference; lastKnownFileType = folder.assetcatalog; path = Assets.xcassets; sourceTree = "<group>"; };
		E9F5748E2CC3D55700200AA2 /* Base */ = {isa = PBXFileReference; lastKnownFileType = file.storyboard; name = Base; path = Base.lproj/LaunchScreen.storyboard; sourceTree = "<group>"; };
		E9F574902CC3D55700200AA2 /* Info.plist */ = {isa = PBXFileReference; lastKnownFileType = text.plist.xml; path = Info.plist; sourceTree = "<group>"; };
		E9F574962CC3D6D200200AA2 /* ItemCell.swift */ = {isa = PBXFileReference; lastKnownFileType = sourcecode.swift; path = ItemCell.swift; sourceTree = "<group>"; };
		E9F574982CC3D89600200AA2 /* ItemImageView.swift */ = {isa = PBXFileReference; lastKnownFileType = sourcecode.swift; path = ItemImageView.swift; sourceTree = "<group>"; };
		E9F5749A2CC3DC7C00200AA2 /* DataError.swift */ = {isa = PBXFileReference; fileEncoding = 4; lastKnownFileType = sourcecode.swift; path = DataError.swift; sourceTree = "<group>"; };
		E9F5749B2CC3DC7C00200AA2 /* PagePhotoTypeDtoOut.swift */ = {isa = PBXFileReference; fileEncoding = 4; lastKnownFileType = sourcecode.swift; path = PagePhotoTypeDtoOut.swift; sourceTree = "<group>"; };
		E9F5749C2CC3DC7C00200AA2 /* PhotoDtoOut.swift */ = {isa = PBXFileReference; fileEncoding = 4; lastKnownFileType = sourcecode.swift; path = PhotoDtoOut.swift; sourceTree = "<group>"; };
		E9F5749D2CC3DC7C00200AA2 /* PhotoTypeDtoOut.swift */ = {isa = PBXFileReference; fileEncoding = 4; lastKnownFileType = sourcecode.swift; path = PhotoTypeDtoOut.swift; sourceTree = "<group>"; };
		E9F574A32CC3DC8300200AA2 /* NetworkManager.swift */ = {isa = PBXFileReference; fileEncoding = 4; lastKnownFileType = sourcecode.swift; path = NetworkManager.swift; sourceTree = "<group>"; };
		E9F574A42CC3DC8300200AA2 /* NetworkManagerProtocol.swift */ = {isa = PBXFileReference; fileEncoding = 4; lastKnownFileType = sourcecode.swift; path = NetworkManagerProtocol.swift; sourceTree = "<group>"; };
		E9F574A82CC3E95300200AA2 /* ItemTitleLabel.swift */ = {isa = PBXFileReference; lastKnownFileType = sourcecode.swift; path = ItemTitleLabel.swift; sourceTree = "<group>"; };
		E9F574AA2CC3F6C200200AA2 /* UIHelper.swift */ = {isa = PBXFileReference; lastKnownFileType = sourcecode.swift; path = UIHelper.swift; sourceTree = "<group>"; };
		E9F574B32CC4284100200AA2 /* Photo.swift */ = {isa = PBXFileReference; lastKnownFileType = sourcecode.swift; path = Photo.swift; sourceTree = "<group>"; };
/* End PBXFileReference section */

/* Begin PBXFrameworksBuildPhase section */
		E9F5747C2CC3D55400200AA2 /* Frameworks */ = {
			isa = PBXFrameworksBuildPhase;
			buildActionMask = 2147483647;
			files = (
			);
			runOnlyForDeploymentPostprocessing = 0;
		};
/* End PBXFrameworksBuildPhase section */

/* Begin PBXGroup section */
		E9F574762CC3D55400200AA2 = {
			isa = PBXGroup;
			children = (
				E9F574812CC3D55400200AA2 /* ListApp */,
				E9F574802CC3D55400200AA2 /* Products */,
			);
			sourceTree = "<group>";
		};
		E9F574802CC3D55400200AA2 /* Products */ = {
			isa = PBXGroup;
			children = (
				E9F5747F2CC3D55400200AA2 /* ListApp.app */,
			);
			name = Products;
			sourceTree = "<group>";
		};
		E9F574812CC3D55400200AA2 /* ListApp */ = {
			isa = PBXGroup;
			children = (
				E9F574AE2CC3F76100200AA2 /* Controllers */,
				E9F574AD2CC3F74C00200AA2 /* Utilities */,
				E9F574AC2CC3F6CA00200AA2 /* Custom Views */,
				E9F574A52CC3DC8300200AA2 /* Network */,
				E9F5749E2CC3DC7C00200AA2 /* Models */,
				E9F574822CC3D55400200AA2 /* AppDelegate.swift */,
				E9F574842CC3D55400200AA2 /* SceneDelegate.swift */,
				E9F5748B2CC3D55700200AA2 /* Assets.xcassets */,
				E9F5748D2CC3D55700200AA2 /* LaunchScreen.storyboard */,
				E9F574902CC3D55700200AA2 /* Info.plist */,
			);
			path = ListApp;
			sourceTree = "<group>";
		};
		E9F5749E2CC3DC7C00200AA2 /* Models */ = {
			isa = PBXGroup;
			children = (
				E9F5749A2CC3DC7C00200AA2 /* DataError.swift */,
				E9F5749B2CC3DC7C00200AA2 /* PagePhotoTypeDtoOut.swift */,
				E9F5749C2CC3DC7C00200AA2 /* PhotoDtoOut.swift */,
				E9F5749D2CC3DC7C00200AA2 /* PhotoTypeDtoOut.swift */,
				E9F574B32CC4284100200AA2 /* Photo.swift */,
			);
			path = Models;
			sourceTree = "<group>";
		};
		E9F574A52CC3DC8300200AA2 /* Network */ = {
			isa = PBXGroup;
			children = (
				E9F574A32CC3DC8300200AA2 /* NetworkManager.swift */,
				E9F574A42CC3DC8300200AA2 /* NetworkManagerProtocol.swift */,
			);
			path = Network;
			sourceTree = "<group>";
		};
		E9F574AC2CC3F6CA00200AA2 /* Custom Views */ = {
			isa = PBXGroup;
			children = (
				E9F574962CC3D6D200200AA2 /* ItemCell.swift */,
				E9F574982CC3D89600200AA2 /* ItemImageView.swift */,
				E9F574A82CC3E95300200AA2 /* ItemTitleLabel.swift */,
			);
			path = "Custom Views";
			sourceTree = "<group>";
		};
		E9F574AD2CC3F74C00200AA2 /* Utilities */ = {
			isa = PBXGroup;
			children = (
				E9F574AA2CC3F6C200200AA2 /* UIHelper.swift */,
			);
			path = Utilities;
			sourceTree = "<group>";
		};
		E9F574AE2CC3F76100200AA2 /* Controllers */ = {
			isa = PBXGroup;
			children = (
				E9F574862CC3D55400200AA2 /* ListVC.swift */,
				E9CB27F42CC511A700F827C6 /* CameraVC.swift */,
			);
			path = Controllers;
			sourceTree = "<group>";
		};
/* End PBXGroup section */

/* Begin PBXNativeTarget section */
		E9F5747E2CC3D55400200AA2 /* ListApp */ = {
			isa = PBXNativeTarget;
			buildConfigurationList = E9F574932CC3D55700200AA2 /* Build configuration list for PBXNativeTarget "ListApp" */;
			buildPhases = (
				E9F5747B2CC3D55400200AA2 /* Sources */,
				E9F5747C2CC3D55400200AA2 /* Frameworks */,
				E9F5747D2CC3D55400200AA2 /* Resources */,
			);
			buildRules = (
			);
			dependencies = (
			);
			name = ListApp;
			productName = ListApp;
			productReference = E9F5747F2CC3D55400200AA2 /* ListApp.app */;
			productType = "com.apple.product-type.application";
		};
/* End PBXNativeTarget section */

/* Begin PBXProject section */
		E9F574772CC3D55400200AA2 /* Project object */ = {
			isa = PBXProject;
			attributes = {
				BuildIndependentTargetsInParallel = 1;
				LastSwiftUpdateCheck = 1540;
				LastUpgradeCheck = 1540;
				TargetAttributes = {
					E9F5747E2CC3D55400200AA2 = {
						CreatedOnToolsVersion = 15.4;
					};
				};
			};
			buildConfigurationList = E9F5747A2CC3D55400200AA2 /* Build configuration list for PBXProject "ListApp" */;
			compatibilityVersion = "Xcode 14.0";
			developmentRegion = en;
			hasScannedForEncodings = 0;
			knownRegions = (
				en,
				Base,
			);
			mainGroup = E9F574762CC3D55400200AA2;
			productRefGroup = E9F574802CC3D55400200AA2 /* Products */;
			projectDirPath = "";
			projectRoot = "";
			targets = (
				E9F5747E2CC3D55400200AA2 /* ListApp */,
			);
		};
/* End PBXProject section */

/* Begin PBXResourcesBuildPhase section */
		E9F5747D2CC3D55400200AA2 /* Resources */ = {
			isa = PBXResourcesBuildPhase;
			buildActionMask = 2147483647;
			files = (
				E9F5748C2CC3D55700200AA2 /* Assets.xcassets in Resources */,
				E9F5748F2CC3D55700200AA2 /* Base in Resources */,
			);
			runOnlyForDeploymentPostprocessing = 0;
		};
/* End PBXResourcesBuildPhase section */

/* Begin PBXSourcesBuildPhase section */
		E9F5747B2CC3D55400200AA2 /* Sources */ = {
			isa = PBXSourcesBuildPhase;
			buildActionMask = 2147483647;
			files = (
				E9F574AB2CC3F6C200200AA2 /* UIHelper.swift in Sources */,
				E9F574A92CC3E95300200AA2 /* ItemTitleLabel.swift in Sources */,
				E9F5749F2CC3DC7C00200AA2 /* DataError.swift in Sources */,
				E9F574A72CC3DC8300200AA2 /* NetworkManagerProtocol.swift in Sources */,
				E9F574872CC3D55400200AA2 /* ListVC.swift in Sources */,
				E9F574972CC3D6D200200AA2 /* ItemCell.swift in Sources */,
				E9F574A02CC3DC7C00200AA2 /* PagePhotoTypeDtoOut.swift in Sources */,
				E9CB27F52CC511A700F827C6 /* CameraVC.swift in Sources */,
				E9F574832CC3D55400200AA2 /* AppDelegate.swift in Sources */,
				E9F574A12CC3DC7C00200AA2 /* PhotoDtoOut.swift in Sources */,
				E9F574B42CC4284100200AA2 /* Photo.swift in Sources */,
				E9F574A22CC3DC7C00200AA2 /* PhotoTypeDtoOut.swift in Sources */,
				E9F574852CC3D55400200AA2 /* SceneDelegate.swift in Sources */,
				E9F574992CC3D89600200AA2 /* ItemImageView.swift in Sources */,
				E9F574A62CC3DC8300200AA2 /* NetworkManager.swift in Sources */,
			);
			runOnlyForDeploymentPostprocessing = 0;
		};
/* End PBXSourcesBuildPhase section */

/* Begin PBXVariantGroup section */
		E9F5748D2CC3D55700200AA2 /* LaunchScreen.storyboard */ = {
			isa = PBXVariantGroup;
			children = (
				E9F5748E2CC3D55700200AA2 /* Base */,
			);
			name = LaunchScreen.storyboard;
			sourceTree = "<group>";
		};
/* End PBXVariantGroup section */

/* Begin XCBuildConfiguration section */
		E9F574912CC3D55700200AA2 /* Debug */ = {
			isa = XCBuildConfiguration;
			buildSettings = {
				ALWAYS_SEARCH_USER_PATHS = NO;
				ASSETCATALOG_COMPILER_GENERATE_SWIFT_ASSET_SYMBOL_EXTENSIONS = YES;
				CLANG_ANALYZER_NONNULL = YES;
				CLANG_ANALYZER_NUMBER_OBJECT_CONVERSION = YES_AGGRESSIVE;
				CLANG_CXX_LANGUAGE_STANDARD = "gnu++20";
				CLANG_ENABLE_MODULES = YES;
				CLANG_ENABLE_OBJC_ARC = YES;
				CLANG_ENABLE_OBJC_WEAK = YES;
				CLANG_WARN_BLOCK_CAPTURE_AUTORELEASING = YES;
				CLANG_WARN_BOOL_CONVERSION = YES;
				CLANG_WARN_COMMA = YES;
				CLANG_WARN_CONSTANT_CONVERSION = YES;
				CLANG_WARN_DEPRECATED_OBJC_IMPLEMENTATIONS = YES;
				CLANG_WARN_DIRECT_OBJC_ISA_USAGE = YES_ERROR;
				CLANG_WARN_DOCUMENTATION_COMMENTS = YES;
				CLANG_WARN_EMPTY_BODY = YES;
				CLANG_WARN_ENUM_CONVERSION = YES;
				CLANG_WARN_INFINITE_RECURSION = YES;
				CLANG_WARN_INT_CONVERSION = YES;
				CLANG_WARN_NON_LITERAL_NULL_CONVERSION = YES;
				CLANG_WARN_OBJC_IMPLICIT_RETAIN_SELF = YES;
				CLANG_WARN_OBJC_LITERAL_CONVERSION = YES;
				CLANG_WARN_OBJC_ROOT_CLASS = YES_ERROR;
				CLANG_WARN_QUOTED_INCLUDE_IN_FRAMEWORK_HEADER = YES;
				CLANG_WARN_RANGE_LOOP_ANALYSIS = YES;
				CLANG_WARN_STRICT_PROTOTYPES = YES;
				CLANG_WARN_SUSPICIOUS_MOVE = YES;
				CLANG_WARN_UNGUARDED_AVAILABILITY = YES_AGGRESSIVE;
				CLANG_WARN_UNREACHABLE_CODE = YES;
				CLANG_WARN__DUPLICATE_METHOD_MATCH = YES;
				COPY_PHASE_STRIP = NO;
				DEBUG_INFORMATION_FORMAT = dwarf;
				ENABLE_STRICT_OBJC_MSGSEND = YES;
				ENABLE_TESTABILITY = YES;
				ENABLE_USER_SCRIPT_SANDBOXING = YES;
				GCC_C_LANGUAGE_STANDARD = gnu17;
				GCC_DYNAMIC_NO_PIC = NO;
				GCC_NO_COMMON_BLOCKS = YES;
				GCC_OPTIMIZATION_LEVEL = 0;
				GCC_PREPROCESSOR_DEFINITIONS = (
					"DEBUG=1",
					"$(inherited)",
				);
				GCC_WARN_64_TO_32_BIT_CONVERSION = YES;
				GCC_WARN_ABOUT_RETURN_TYPE = YES_ERROR;
				GCC_WARN_UNDECLARED_SELECTOR = YES;
				GCC_WARN_UNINITIALIZED_AUTOS = YES_AGGRESSIVE;
				GCC_WARN_UNUSED_FUNCTION = YES;
				GCC_WARN_UNUSED_VARIABLE = YES;
				IPHONEOS_DEPLOYMENT_TARGET = 17.5;
				LOCALIZATION_PREFERS_STRING_CATALOGS = YES;
				MTL_ENABLE_DEBUG_INFO = INCLUDE_SOURCE;
				MTL_FAST_MATH = YES;
				ONLY_ACTIVE_ARCH = YES;
				SDKROOT = iphoneos;
				SWIFT_ACTIVE_COMPILATION_CONDITIONS = "DEBUG $(inherited)";
				SWIFT_OPTIMIZATION_LEVEL = "-Onone";
			};
			name = Debug;
		};
		E9F574922CC3D55700200AA2 /* Release */ = {
			isa = XCBuildConfiguration;
			buildSettings = {
				ALWAYS_SEARCH_USER_PATHS = NO;
				ASSETCATALOG_COMPILER_GENERATE_SWIFT_ASSET_SYMBOL_EXTENSIONS = YES;
				CLANG_ANALYZER_NONNULL = YES;
				CLANG_ANALYZER_NUMBER_OBJECT_CONVERSION = YES_AGGRESSIVE;
				CLANG_CXX_LANGUAGE_STANDARD = "gnu++20";
				CLANG_ENABLE_MODULES = YES;
				CLANG_ENABLE_OBJC_ARC = YES;
				CLANG_ENABLE_OBJC_WEAK = YES;
				CLANG_WARN_BLOCK_CAPTURE_AUTORELEASING = YES;
				CLANG_WARN_BOOL_CONVERSION = YES;
				CLANG_WARN_COMMA = YES;
				CLANG_WARN_CONSTANT_CONVERSION = YES;
				CLANG_WARN_DEPRECATED_OBJC_IMPLEMENTATIONS = YES;
				CLANG_WARN_DIRECT_OBJC_ISA_USAGE = YES_ERROR;
				CLANG_WARN_DOCUMENTATION_COMMENTS = YES;
				CLANG_WARN_EMPTY_BODY = YES;
				CLANG_WARN_ENUM_CONVERSION = YES;
				CLANG_WARN_INFINITE_RECURSION = YES;
				CLANG_WARN_INT_CONVERSION = YES;
				CLANG_WARN_NON_LITERAL_NULL_CONVERSION = YES;
				CLANG_WARN_OBJC_IMPLICIT_RETAIN_SELF = YES;
				CLANG_WARN_OBJC_LITERAL_CONVERSION = YES;
				CLANG_WARN_OBJC_ROOT_CLASS = YES_ERROR;
				CLANG_WARN_QUOTED_INCLUDE_IN_FRAMEWORK_HEADER = YES;
				CLANG_WARN_RANGE_LOOP_ANALYSIS = YES;
				CLANG_WARN_STRICT_PROTOTYPES = YES;
				CLANG_WARN_SUSPICIOUS_MOVE = YES;
				CLANG_WARN_UNGUARDED_AVAILABILITY = YES_AGGRESSIVE;
				CLANG_WARN_UNREACHABLE_CODE = YES;
				CLANG_WARN__DUPLICATE_METHOD_MATCH = YES;
				COPY_PHASE_STRIP = NO;
				DEBUG_INFORMATION_FORMAT = "dwarf-with-dsym";
				ENABLE_NS_ASSERTIONS = NO;
				ENABLE_STRICT_OBJC_MSGSEND = YES;
				ENABLE_USER_SCRIPT_SANDBOXING = YES;
				GCC_C_LANGUAGE_STANDARD = gnu17;
				GCC_NO_COMMON_BLOCKS = YES;
				GCC_WARN_64_TO_32_BIT_CONVERSION = YES;
				GCC_WARN_ABOUT_RETURN_TYPE = YES_ERROR;
				GCC_WARN_UNDECLARED_SELECTOR = YES;
				GCC_WARN_UNINITIALIZED_AUTOS = YES_AGGRESSIVE;
				GCC_WARN_UNUSED_FUNCTION = YES;
				GCC_WARN_UNUSED_VARIABLE = YES;
				IPHONEOS_DEPLOYMENT_TARGET = 17.5;
				LOCALIZATION_PREFERS_STRING_CATALOGS = YES;
				MTL_ENABLE_DEBUG_INFO = NO;
				MTL_FAST_MATH = YES;
				SDKROOT = iphoneos;
				SWIFT_COMPILATION_MODE = wholemodule;
				VALIDATE_PRODUCT = YES;
			};
			name = Release;
		};
		E9F574942CC3D55700200AA2 /* Debug */ = {
			isa = XCBuildConfiguration;
			buildSettings = {
				ASSETCATALOG_COMPILER_APPICON_NAME = AppIcon;
				ASSETCATALOG_COMPILER_GLOBAL_ACCENT_COLOR_NAME = AccentColor;
				CODE_SIGN_STYLE = Automatic;
				CURRENT_PROJECT_VERSION = 1;
				DEVELOPMENT_TEAM = Z2VCV69C3G;
				GENERATE_INFOPLIST_FILE = YES;
				INFOPLIST_FILE = ListApp/Info.plist;
				INFOPLIST_KEY_NSCameraUsageDescription = "";
				INFOPLIST_KEY_NSPhotoLibraryUsageDescription = "";
				INFOPLIST_KEY_UIApplicationSupportsIndirectInputEvents = YES;
				INFOPLIST_KEY_UILaunchStoryboardName = LaunchScreen;
				INFOPLIST_KEY_UISupportedInterfaceOrientations_iPad = "UIInterfaceOrientationPortrait UIInterfaceOrientationPortraitUpsideDown UIInterfaceOrientationLandscapeLeft UIInterfaceOrientationLandscapeRight";
				INFOPLIST_KEY_UISupportedInterfaceOrientations_iPhone = "UIInterfaceOrientationPortrait UIInterfaceOrientationLandscapeLeft UIInterfaceOrientationLandscapeRight";
				LD_RUNPATH_SEARCH_PATHS = (
					"$(inherited)",
					"@executable_path/Frameworks",
				);
				MARKETING_VERSION = 1.0;
				PRODUCT_BUNDLE_IDENTIFIER = dmshk.testAPP;
				PRODUCT_NAME = "$(TARGET_NAME)";
				SWIFT_EMIT_LOC_STRINGS = YES;
				SWIFT_VERSION = 5.0;
				TARGETED_DEVICE_FAMILY = "1,2";
			};
			name = Debug;
		};
		E9F574952CC3D55700200AA2 /* Release */ = {
			isa = XCBuildConfiguration;
			buildSettings = {
				ASSETCATALOG_COMPILER_APPICON_NAME = AppIcon;
				ASSETCATALOG_COMPILER_GLOBAL_ACCENT_COLOR_NAME = AccentColor;
				CODE_SIGN_STYLE = Automatic;
				CURRENT_PROJECT_VERSION = 1;
				DEVELOPMENT_TEAM = Z2VCV69C3G;
				GENERATE_INFOPLIST_FILE = YES;
				INFOPLIST_FILE = ListApp/Info.plist;
				INFOPLIST_KEY_NSCameraUsageDescription = "";
				INFOPLIST_KEY_NSPhotoLibraryUsageDescription = "";
				INFOPLIST_KEY_UIApplicationSupportsIndirectInputEvents = YES;
				INFOPLIST_KEY_UILaunchStoryboardName = LaunchScreen;
				INFOPLIST_KEY_UISupportedInterfaceOrientations_iPad = "UIInterfaceOrientationPortrait UIInterfaceOrientationPortraitUpsideDown UIInterfaceOrientationLandscapeLeft UIInterfaceOrientationLandscapeRight";
				INFOPLIST_KEY_UISupportedInterfaceOrientations_iPhone = "UIInterfaceOrientationPortrait UIInterfaceOrientationLandscapeLeft UIInterfaceOrientationLandscapeRight";
				LD_RUNPATH_SEARCH_PATHS = (
					"$(inherited)",
					"@executable_path/Frameworks",
				);
				MARKETING_VERSION = 1.0;
				PRODUCT_BUNDLE_IDENTIFIER = dmshk.testAPP;
				PRODUCT_NAME = "$(TARGET_NAME)";
				SWIFT_EMIT_LOC_STRINGS = YES;
				SWIFT_VERSION = 5.0;
				TARGETED_DEVICE_FAMILY = "1,2";
			};
			name = Release;
		};
/* End XCBuildConfiguration section */

/* Begin XCConfigurationList section */
		E9F5747A2CC3D55400200AA2 /* Build configuration list for PBXProject "ListApp" */ = {
			isa = XCConfigurationList;
			buildConfigurations = (
				E9F574912CC3D55700200AA2 /* Debug */,
				E9F574922CC3D55700200AA2 /* Release */,
			);
			defaultConfigurationIsVisible = 0;
			defaultConfigurationName = Release;
		};
		E9F574932CC3D55700200AA2 /* Build configuration list for PBXNativeTarget "ListApp" */ = {
			isa = XCConfigurationList;
			buildConfigurations = (
				E9F574942CC3D55700200AA2 /* Debug */,
				E9F574952CC3D55700200AA2 /* Release */,
			);
			defaultConfigurationIsVisible = 0;
			defaultConfigurationName = Release;
		};
/* End XCConfigurationList section */
	};
	rootObject = E9F574772CC3D55400200AA2 /* Project object */;
}
